
Microsoft Visual Studio Solution File, Format Version 12.00
# Visual Studio 2013
VisualStudioVersion = 12.0.21005.1
MinimumVisualStudioVersion = 10.0.40219.1
Project("{8BC9CEB8-8B4A-11D0-8D11-00A0C91BC942}") = "nclgl_core", "nclgl_core\nclgl_core.vcxproj", "{16C5691D-3B2A-4133-9BB1-48C6830D0923}"
EndProject
Project("{2150E333-8FDC-42A3-9474-1A3956D46DE8}") = "Tests", "Tests", "{A3A3BBA0-5B8C-4094-9053-7E043CBEC08A}"
EndProject
Project("{8BC9CEB8-8B4A-11D0-8D11-00A0C91BC942}") = "Test_01_OpenGLHelloWorld", "Tests\Test_01_OpenGLHelloWorld\Test_01_OpenGLHelloWorld.vcxproj", "{B95C9520-5DE7-412C-B05F-E21F3863C43F}"
	ProjectSection(ProjectDependencies) = postProject
		{16C5691D-3B2A-4133-9BB1-48C6830D0923} = {16C5691D-3B2A-4133-9BB1-48C6830D0923}
	EndProjectSection
EndProject
Project("{8BC9CEB8-8B4A-11D0-8D11-00A0C91BC942}") = "Test_02_TransformationMatrices", "Tests\Test_02_TransformationMatrices\Test_02_TransformationMatrices.vcxproj", "{1D3854EA-59D7-4CA2-BA49-08A7F2709AA7}"
EndProject
Project("{8BC9CEB8-8B4A-11D0-8D11-00A0C91BC942}") = "Test_02_ViewMatrix", "Tests\Test_02_ViewMatrix\Test_02_ViewMatrix.vcxproj", "{75E54DCC-DCDA-4D9F-9836-7B0DD6E10472}"
EndProject
Project("{8BC9CEB8-8B4A-11D0-8D11-00A0C91BC942}") = "Test_03_TextureMapping", "Tests\Test_03_TextureMapping\Test_03_TextureMapping.vcxproj", "{BE54977F-C189-4CE5-BB7D-B2C66D7F1DB2}"
	ProjectSection(ProjectDependencies) = postProject
		{16C5691D-3B2A-4133-9BB1-48C6830D0923} = {16C5691D-3B2A-4133-9BB1-48C6830D0923}
	EndProjectSection
EndProject
Project("{8BC9CEB8-8B4A-11D0-8D11-00A0C91BC942}") = "Test_04_TransparencyDepth", "Tests\Test_04_TransparencyDepth\Test_04_TransparencyDepth.vcxproj", "{5962DE43-D2C1-40A2-9B70-0C658C7C58F2}"
EndProject
Project("{8BC9CEB8-8B4A-11D0-8D11-00A0C91BC942}") = "Test_05_StencilBuffer", "Tests\Test_05_StencilBuffer\Test_05_StencilBuffer.vcxproj", "{F2F509A5-1C5A-4A69-8FB8-ACF8479B7904}"
EndProject
Project("{8BC9CEB8-8B4A-11D0-8D11-00A0C91BC942}") = "Test_06_SceneGraph", "Tests\Test_06_SceneGraph\Test_06_SceneGraph.vcxproj", "{E930A290-FE1C-478A-9275-3E44B12AC716}"
	ProjectSection(ProjectDependencies) = postProject
		{16C5691D-3B2A-4133-9BB1-48C6830D0923} = {16C5691D-3B2A-4133-9BB1-48C6830D0923}
	EndProjectSection
EndProject
Project("{8BC9CEB8-8B4A-11D0-8D11-00A0C91BC942}") = "Test_07_SceneManagement", "Tests\Test_07_SceneManagement\Test_07_SceneManagement.vcxproj", "{AA03E673-A2EA-4B4F-857A-7113A9001EC0}"
	ProjectSection(ProjectDependencies) = postProject
		{16C5691D-3B2A-4133-9BB1-48C6830D0923} = {16C5691D-3B2A-4133-9BB1-48C6830D0923}
	EndProjectSection
EndProject
Project("{8BC9CEB8-8B4A-11D0-8D11-00A0C91BC942}") = "Test_08_IndexBuffer", "Tests\Test_08_IndexBuffer\Test_08_IndexBuffer.vcxproj", "{C4255552-6A8F-4DA4-BC22-A998319C2713}"
	ProjectSection(ProjectDependencies) = postProject
		{16C5691D-3B2A-4133-9BB1-48C6830D0923} = {16C5691D-3B2A-4133-9BB1-48C6830D0923}
	EndProjectSection
EndProject
Project("{8BC9CEB8-8B4A-11D0-8D11-00A0C91BC942}") = "Test_09_Animation", "Tests\Test_09_Animation\Test_09_Animation.vcxproj", "{52A7A623-0B1E-40F1-ADD5-DF665C21F6ED}"
	ProjectSection(ProjectDependencies) = postProject
		{16C5691D-3B2A-4133-9BB1-48C6830D0923} = {16C5691D-3B2A-4133-9BB1-48C6830D0923}
	EndProjectSection
EndProject
Project("{8BC9CEB8-8B4A-11D0-8D11-00A0C91BC942}") = "Test_10_Postprocessing", "Tests\Test_10_Postprocessing\Test_10_Postprocessing.vcxproj", "{E57AD662-7CD1-483E-98D6-2F639731DCB5}"
	ProjectSection(ProjectDependencies) = postProject
		{16C5691D-3B2A-4133-9BB1-48C6830D0923} = {16C5691D-3B2A-4133-9BB1-48C6830D0923}
	EndProjectSection
EndProject
Project("{8BC9CEB8-8B4A-11D0-8D11-00A0C91BC942}") = "Test_11_RealTimeLighting", "Tests\Test_11_RealTimeLighting\Test_11_RealTimeLighting.vcxproj", "{60F9FD56-50A5-444C-A38B-D1CD84040ACF}"
	ProjectSection(ProjectDependencies) = postProject
		{16C5691D-3B2A-4133-9BB1-48C6830D0923} = {16C5691D-3B2A-4133-9BB1-48C6830D0923}
	EndProjectSection
EndProject
Project("{8BC9CEB8-8B4A-11D0-8D11-00A0C91BC942}") = "Test_12_BumpMap", "Tests\Test_11_BumpMap\Test_11_BumpMap.vcxproj", "{5C9C9E46-889F-4925-B912-524729DF8963}"
EndProject
Project("{8BC9CEB8-8B4A-11D0-8D11-00A0C91BC942}") = "Test_13_CubeMapping", "Tests\Test_13_CubeMapping\Test_13_CubeMapping.vcxproj", "{3698620B-6AF7-425D-9D1C-F6D4F976CA0A}"
	ProjectSection(ProjectDependencies) = postProject
		{16C5691D-3B2A-4133-9BB1-48C6830D0923} = {16C5691D-3B2A-4133-9BB1-48C6830D0923}
	EndProjectSection
EndProject
Project("{8BC9CEB8-8B4A-11D0-8D11-00A0C91BC942}") = "Test_15_DeferredRendering", "Tests\Test_15_DeferredRendering\Test_15_DeferredRendering.vcxproj", "{BED431D8-35EE-485D-AFD3-A426F493EB53}"
	ProjectSection(ProjectDependencies) = postProject
		{16C5691D-3B2A-4133-9BB1-48C6830D0923} = {16C5691D-3B2A-4133-9BB1-48C6830D0923}
	EndProjectSection
EndProject
Project("{8BC9CEB8-8B4A-11D0-8D11-00A0C91BC942}") = "Test_14_ShadowMapping", "Tests\Test_14_ShadowMapping\Test_14_ShadowMapping.vcxproj", "{1DDC19A0-0619-4D0C-86B0-96A700652B45}"
	ProjectSection(ProjectDependencies) = postProject
		{16C5691D-3B2A-4133-9BB1-48C6830D0923} = {16C5691D-3B2A-4133-9BB1-48C6830D0923}
	EndProjectSection
EndProject
Global
	GlobalSection(SolutionConfigurationPlatforms) = preSolution
		Debug|Win32 = Debug|Win32
		Release|Win32 = Release|Win32
	EndGlobalSection
	GlobalSection(ProjectConfigurationPlatforms) = postSolution
		{16C5691D-3B2A-4133-9BB1-48C6830D0923}.Debug|Win32.ActiveCfg = Debug|Win32
		{16C5691D-3B2A-4133-9BB1-48C6830D0923}.Debug|Win32.Build.0 = Debug|Win32
		{16C5691D-3B2A-4133-9BB1-48C6830D0923}.Release|Win32.ActiveCfg = Release|Win32
		{16C5691D-3B2A-4133-9BB1-48C6830D0923}.Release|Win32.Build.0 = Release|Win32
		{B95C9520-5DE7-412C-B05F-E21F3863C43F}.Debug|Win32.ActiveCfg = Debug|Win32
		{B95C9520-5DE7-412C-B05F-E21F3863C43F}.Debug|Win32.Build.0 = Debug|Win32
		{B95C9520-5DE7-412C-B05F-E21F3863C43F}.Release|Win32.ActiveCfg = Release|Win32
		{B95C9520-5DE7-412C-B05F-E21F3863C43F}.Release|Win32.Build.0 = Release|Win32
		{1D3854EA-59D7-4CA2-BA49-08A7F2709AA7}.Debug|Win32.ActiveCfg = Debug|Win32
		{1D3854EA-59D7-4CA2-BA49-08A7F2709AA7}.Debug|Win32.Build.0 = Debug|Win32
		{1D3854EA-59D7-4CA2-BA49-08A7F2709AA7}.Release|Win32.ActiveCfg = Release|Win32
		{1D3854EA-59D7-4CA2-BA49-08A7F2709AA7}.Release|Win32.Build.0 = Release|Win32
		{75E54DCC-DCDA-4D9F-9836-7B0DD6E10472}.Debug|Win32.ActiveCfg = Debug|Win32
		{75E54DCC-DCDA-4D9F-9836-7B0DD6E10472}.Debug|Win32.Build.0 = Debug|Win32
		{75E54DCC-DCDA-4D9F-9836-7B0DD6E10472}.Release|Win32.ActiveCfg = Release|Win32
		{75E54DCC-DCDA-4D9F-9836-7B0DD6E10472}.Release|Win32.Build.0 = Release|Win32
		{BE54977F-C189-4CE5-BB7D-B2C66D7F1DB2}.Debug|Win32.ActiveCfg = Debug|Win32
		{BE54977F-C189-4CE5-BB7D-B2C66D7F1DB2}.Debug|Win32.Build.0 = Debug|Win32
		{BE54977F-C189-4CE5-BB7D-B2C66D7F1DB2}.Release|Win32.ActiveCfg = Release|Win32
		{BE54977F-C189-4CE5-BB7D-B2C66D7F1DB2}.Release|Win32.Build.0 = Release|Win32
		{5962DE43-D2C1-40A2-9B70-0C658C7C58F2}.Debug|Win32.ActiveCfg = Debug|Win32
		{5962DE43-D2C1-40A2-9B70-0C658C7C58F2}.Debug|Win32.Build.0 = Debug|Win32
		{5962DE43-D2C1-40A2-9B70-0C658C7C58F2}.Release|Win32.ActiveCfg = Release|Win32
		{5962DE43-D2C1-40A2-9B70-0C658C7C58F2}.Release|Win32.Build.0 = Release|Win32
		{F2F509A5-1C5A-4A69-8FB8-ACF8479B7904}.Debug|Win32.ActiveCfg = Debug|Win32
		{F2F509A5-1C5A-4A69-8FB8-ACF8479B7904}.Debug|Win32.Build.0 = Debug|Win32
		{F2F509A5-1C5A-4A69-8FB8-ACF8479B7904}.Release|Win32.ActiveCfg = Release|Win32
		{F2F509A5-1C5A-4A69-8FB8-ACF8479B7904}.Release|Win32.Build.0 = Release|Win32
		{E930A290-FE1C-478A-9275-3E44B12AC716}.Debug|Win32.ActiveCfg = Debug|Win32
		{E930A290-FE1C-478A-9275-3E44B12AC716}.Debug|Win32.Build.0 = Debug|Win32
		{E930A290-FE1C-478A-9275-3E44B12AC716}.Release|Win32.ActiveCfg = Release|Win32
		{E930A290-FE1C-478A-9275-3E44B12AC716}.Release|Win32.Build.0 = Release|Win32
		{AA03E673-A2EA-4B4F-857A-7113A9001EC0}.Debug|Win32.ActiveCfg = Debug|Win32
		{AA03E673-A2EA-4B4F-857A-7113A9001EC0}.Debug|Win32.Build.0 = Debug|Win32
		{AA03E673-A2EA-4B4F-857A-7113A9001EC0}.Release|Win32.ActiveCfg = Release|Win32
		{AA03E673-A2EA-4B4F-857A-7113A9001EC0}.Release|Win32.Build.0 = Release|Win32
		{C4255552-6A8F-4DA4-BC22-A998319C2713}.Debug|Win32.ActiveCfg = Debug|Win32
		{C4255552-6A8F-4DA4-BC22-A998319C2713}.Debug|Win32.Build.0 = Debug|Win32
		{C4255552-6A8F-4DA4-BC22-A998319C2713}.Release|Win32.ActiveCfg = Release|Win32
		{C4255552-6A8F-4DA4-BC22-A998319C2713}.Release|Win32.Build.0 = Release|Win32
		{52A7A623-0B1E-40F1-ADD5-DF665C21F6ED}.Debug|Win32.ActiveCfg = Debug|Win32
		{52A7A623-0B1E-40F1-ADD5-DF665C21F6ED}.Debug|Win32.Build.0 = Debug|Win32
		{52A7A623-0B1E-40F1-ADD5-DF665C21F6ED}.Release|Win32.ActiveCfg = Release|Win32
		{52A7A623-0B1E-40F1-ADD5-DF665C21F6ED}.Release|Win32.Build.0 = Release|Win32
		{E57AD662-7CD1-483E-98D6-2F639731DCB5}.Debug|Win32.ActiveCfg = Debug|Win32
		{E57AD662-7CD1-483E-98D6-2F639731DCB5}.Debug|Win32.Build.0 = Debug|Win32
		{E57AD662-7CD1-483E-98D6-2F639731DCB5}.Release|Win32.ActiveCfg = Release|Win32
		{E57AD662-7CD1-483E-98D6-2F639731DCB5}.Release|Win32.Build.0 = Release|Win32
		{60F9FD56-50A5-444C-A38B-D1CD84040ACF}.Debug|Win32.ActiveCfg = Debug|Win32
		{60F9FD56-50A5-444C-A38B-D1CD84040ACF}.Debug|Win32.Build.0 = Debug|Win32
		{60F9FD56-50A5-444C-A38B-D1CD84040ACF}.Release|Win32.ActiveCfg = Release|Win32
		{60F9FD56-50A5-444C-A38B-D1CD84040ACF}.Release|Win32.Build.0 = Release|Win32
		{5C9C9E46-889F-4925-B912-524729DF8963}.Debug|Win32.ActiveCfg = Debug|Win32
		{5C9C9E46-889F-4925-B912-524729DF8963}.Debug|Win32.Build.0 = Debug|Win32
		{5C9C9E46-889F-4925-B912-524729DF8963}.Release|Win32.ActiveCfg = Release|Win32
		{5C9C9E46-889F-4925-B912-524729DF8963}.Release|Win32.Build.0 = Release|Win32
		{3698620B-6AF7-425D-9D1C-F6D4F976CA0A}.Debug|Win32.ActiveCfg = Debug|Win32
		{3698620B-6AF7-425D-9D1C-F6D4F976CA0A}.Debug|Win32.Build.0 = Debug|Win32
		{3698620B-6AF7-425D-9D1C-F6D4F976CA0A}.Release|Win32.ActiveCfg = Release|Win32
		{3698620B-6AF7-425D-9D1C-F6D4F976CA0A}.Release|Win32.Build.0 = Release|Win32
		{BED431D8-35EE-485D-AFD3-A426F493EB53}.Debug|Win32.ActiveCfg = Debug|Win32
		{BED431D8-35EE-485D-AFD3-A426F493EB53}.Debug|Win32.Build.0 = Debug|Win32
		{BED431D8-35EE-485D-AFD3-A426F493EB53}.Release|Win32.ActiveCfg = Release|Win32
		{BED431D8-35EE-485D-AFD3-A426F493EB53}.Release|Win32.Build.0 = Release|Win32
		{1DDC19A0-0619-4D0C-86B0-96A700652B45}.Debug|Win32.ActiveCfg = Debug|Win32
		{1DDC19A0-0619-4D0C-86B0-96A700652B45}.Debug|Win32.Build.0 = Debug|Win32
		{1DDC19A0-0619-4D0C-86B0-96A700652B45}.Release|Win32.ActiveCfg = Release|Win32
		{1DDC19A0-0619-4D0C-86B0-96A700652B45}.Release|Win32.Build.0 = Release|Win32
	EndGlobalSection
	GlobalSection(SolutionProperties) = preSolution
		HideSolutionNode = FALSE
	EndGlobalSection
	GlobalSection(NestedProjects) = preSolution
		{B95C9520-5DE7-412C-B05F-E21F3863C43F} = {A3A3BBA0-5B8C-4094-9053-7E043CBEC08A}
		{1D3854EA-59D7-4CA2-BA49-08A7F2709AA7} = {A3A3BBA0-5B8C-4094-9053-7E043CBEC08A}
		{75E54DCC-DCDA-4D9F-9836-7B0DD6E10472} = {A3A3BBA0-5B8C-4094-9053-7E043CBEC08A}
		{BE54977F-C189-4CE5-BB7D-B2C66D7F1DB2} = {A3A3BBA0-5B8C-4094-9053-7E043CBEC08A}
		{5962DE43-D2C1-40A2-9B70-0C658C7C58F2} = {A3A3BBA0-5B8C-4094-9053-7E043CBEC08A}
		{F2F509A5-1C5A-4A69-8FB8-ACF8479B7904} = {A3A3BBA0-5B8C-4094-9053-7E043CBEC08A}
		{E930A290-FE1C-478A-9275-3E44B12AC716} = {A3A3BBA0-5B8C-4094-9053-7E043CBEC08A}
		{AA03E673-A2EA-4B4F-857A-7113A9001EC0} = {A3A3BBA0-5B8C-4094-9053-7E043CBEC08A}
		{C4255552-6A8F-4DA4-BC22-A998319C2713} = {A3A3BBA0-5B8C-4094-9053-7E043CBEC08A}
		{52A7A623-0B1E-40F1-ADD5-DF665C21F6ED} = {A3A3BBA0-5B8C-4094-9053-7E043CBEC08A}
		{E57AD662-7CD1-483E-98D6-2F639731DCB5} = {A3A3BBA0-5B8C-4094-9053-7E043CBEC08A}
		{60F9FD56-50A5-444C-A38B-D1CD84040ACF} = {A3A3BBA0-5B8C-4094-9053-7E043CBEC08A}
		{5C9C9E46-889F-4925-B912-524729DF8963} = {A3A3BBA0-5B8C-4094-9053-7E043CBEC08A}
		{3698620B-6AF7-425D-9D1C-F6D4F976CA0A} = {A3A3BBA0-5B8C-4094-9053-7E043CBEC08A}
		{BED431D8-35EE-485D-AFD3-A426F493EB53} = {A3A3BBA0-5B8C-4094-9053-7E043CBEC08A}
		{1DDC19A0-0619-4D0C-86B0-96A700652B45} = {A3A3BBA0-5B8C-4094-9053-7E043CBEC08A}
	EndGlobalSection
EndGlobal
